
Microsoft Visual Studio Solution File, Format Version 12.00
# Visual Studio Version 16
VisualStudioVersion = 16.0.30907.101
MinimumVisualStudioVersion = 10.0.40219.1
Project("{FAE04EC0-301F-11D3-BF4B-00C04F79EFBC}") = "Staircase Challange", "Staircase Challange\Staircase Challange.csproj", "{3EB02359-CC4D-40CF-B4EA-546EBBAFDD76}"
EndProject
Project("{FAE04EC0-301F-11D3-BF4B-00C04F79EFBC}") = "Challange", "Challange 1\Challange.csproj", "{25717426-1A0D-4D5D-A404-CFE4FB093CF7}"
EndProject
Global
	GlobalSection(SolutionConfigurationPlatforms) = preSolution
		Debug|Any CPU = Debug|Any CPU
		Release|Any CPU = Release|Any CPU
	EndGlobalSection
	GlobalSection(ProjectConfigurationPlatforms) = postSolution
		{3EB02359-CC4D-40CF-B4EA-546EBBAFDD76}.Debug|Any CPU.ActiveCfg = Debug|Any CPU
		{3EB02359-CC4D-40CF-B4EA-546EBBAFDD76}.Debug|Any CPU.Build.0 = Debug|Any CPU
		{3EB02359-CC4D-40CF-B4EA-546EBBAFDD76}.Release|Any CPU.ActiveCfg = Release|Any CPU
		{3EB02359-CC4D-40CF-B4EA-546EBBAFDD76}.Release|Any CPU.Build.0 = Release|Any CPU
		{25717426-1A0D-4D5D-A404-CFE4FB093CF7}.Debug|Any CPU.ActiveCfg = Debug|Any CPU
		{25717426-1A0D-4D5D-A404-CFE4FB093CF7}.Debug|Any CPU.Build.0 = Debug|Any CPU
		{25717426-1A0D-4D5D-A404-CFE4FB093CF7}.Release|Any CPU.ActiveCfg = Release|Any CPU
		{25717426-1A0D-4D5D-A404-CFE4FB093CF7}.Release|Any CPU.Build.0 = Release|Any CPU
	EndGlobalSection
	GlobalSection(SolutionProperties) = preSolution
		HideSolutionNode = FALSE
	EndGlobalSection
	GlobalSection(ExtensibilityGlobals) = postSolution
		SolutionGuid = {868565DA-DAE3-4BA3-AAA8-FBD6735C7AEA}
	EndGlobalSection
EndGlobal
